
Microsoft Visual Studio Solution File, Format Version 12.00
# Visual Studio Version 18
VisualStudioVersion = 18.10.12210.168
MinimumVisualStudioVersion = 10.0.40219.1
Project("{FAE04EC0-301F-11D3-BF4B-00C04F79EFBC}") = "ClinicApp", "ClinicApp\ClinicApp.csproj", "{02E65CDE-FFDE-1621-C8D4-FA83E6B33FC5}"
EndProject
Global
	GlobalSection(SolutionConfigurationPlatforms) = preSolution
		Debug|Any CPU = Debug|Any CPU
		Release|Any CPU = Release|Any CPU
	EndGlobalSection
	GlobalSection(ProjectConfigurationPlatforms) = postSolution
		{02E65CDE-FFDE-1621-C8D4-FA83E6B33FC5}.Debug|Any CPU.ActiveCfg = Debug|Any CPU
		{02E65CDE-FFDE-1621-C8D4-FA83E6B33FC5}.Debug|Any CPU.Build.0 = Debug|Any CPU
		{02E65CDE-FFDE-1621-C8D4-FA83E6B33FC5}.Release|Any CPU.ActiveCfg = Release|Any CPU
		{02E65CDE-FFDE-1621-C8D4-FA83E6B33FC5}.Release|Any CPU.Build.0 = Release|Any CPU
	EndGlobalSection
	GlobalSection(SolutionProperties) = preSolution
		HideSolutionNode = FALSE
	EndGlobalSection
	GlobalSection(ExtensibilityGlobals) = postSolution
		SolutionGuid = {00F3568B-B8BB-493B-866B-81B1CE847441}
	EndGlobalSection
EndGlobal
